
Microsoft Visual Studio Solution File, Format Version 12.00
# Visual Studio 2012
Project("{FAE04EC0-301F-11D3-BF4B-00C04F79EFBC}") = "CCtoGit", "CCtoGit\CCtoGit.csproj", "{1DD92484-E16B-4B20-A9A7-50D0A9201280}"
EndProject
Project("{FAE04EC0-301F-11D3-BF4B-00C04F79EFBC}") = "CCtoGit.Test", "CCtoGit.Test\CCtoGit.Test.csproj", "{094CCB9F-531F-45C0-9EC6-9BE3B463FCF5}"
EndProject
Global
	GlobalSection(SolutionConfigurationPlatforms) = preSolution
		Debug|Any CPU = Debug|Any CPU
		Release|Any CPU = Release|Any CPU
	EndGlobalSection
	GlobalSection(ProjectConfigurationPlatforms) = postSolution
		{1DD92484-E16B-4B20-A9A7-50D0A9201280}.Debug|Any CPU.ActiveCfg = Debug|Any CPU
		{1DD92484-E16B-4B20-A9A7-50D0A9201280}.Debug|Any CPU.Build.0 = Debug|Any CPU
		{1DD92484-E16B-4B20-A9A7-50D0A9201280}.Release|Any CPU.ActiveCfg = Release|Any CPU
		{1DD92484-E16B-4B20-A9A7-50D0A9201280}.Release|Any CPU.Build.0 = Release|Any CPU
		{094CCB9F-531F-45C0-9EC6-9BE3B463FCF5}.Debug|Any CPU.ActiveCfg = Debug|Any CPU
		{094CCB9F-531F-45C0-9EC6-9BE3B463FCF5}.Debug|Any CPU.Build.0 = Debug|Any CPU
		{094CCB9F-531F-45C0-9EC6-9BE3B463FCF5}.Release|Any CPU.ActiveCfg = Release|Any CPU
		{094CCB9F-531F-45C0-9EC6-9BE3B463FCF5}.Release|Any CPU.Build.0 = Release|Any CPU
	EndGlobalSection
	GlobalSection(SolutionProperties) = preSolution
		HideSolutionNode = FALSE
	EndGlobalSection
EndGlobal
